
Microsoft Visual Studio Solution File, Format Version 12.00
# Visual Studio Version 17
VisualStudioVersion = 17.8.34330.188
MinimumVisualStudioVersion = 10.0.40219.1
Project("{FAE04EC0-301F-11D3-BF4B-00C04F79EFBC}") = "02_Inheritance", "02_Inheritance\02_Inheritance.csproj", "{70E8A2E2-CF41-460E-A441-2C01D87C8F2B}"
EndProject
Global
	GlobalSection(SolutionConfigurationPlatforms) = preSolution
		Debug|Any CPU = Debug|Any CPU
		Release|Any CPU = Release|Any CPU
	EndGlobalSection
	GlobalSection(ProjectConfigurationPlatforms) = postSolution
		{70E8A2E2-CF41-460E-A441-2C01D87C8F2B}.Debug|Any CPU.ActiveCfg = Debug|Any CPU
		{70E8A2E2-CF41-460E-A441-2C01D87C8F2B}.Debug|Any CPU.Build.0 = Debug|Any CPU
		{70E8A2E2-CF41-460E-A441-2C01D87C8F2B}.Release|Any CPU.ActiveCfg = Release|Any CPU
		{70E8A2E2-CF41-460E-A441-2C01D87C8F2B}.Release|Any CPU.Build.0 = Release|Any CPU
	EndGlobalSection
	GlobalSection(SolutionProperties) = preSolution
		HideSolutionNode = FALSE
	EndGlobalSection
	GlobalSection(ExtensibilityGlobals) = postSolution
		SolutionGuid = {378C8FA8-ED69-49B3-BB50-670E97E9ED34}
	EndGlobalSection
EndGlobal
