
Microsoft Visual Studio Solution File, Format Version 12.00
# Visual Studio Version 17
VisualStudioVersion = 17.8.34330.188
MinimumVisualStudioVersion = 10.0.40219.1
Project("{FAE04EC0-301F-11D3-BF4B-00C04F79EFBC}") = "03_GenericMethod", "03_GenericMethod\03_GenericMethod.csproj", "{AF8F7363-CDEF-45AB-8E7D-F041AC872751}"
EndProject
Global
	GlobalSection(SolutionConfigurationPlatforms) = preSolution
		Debug|Any CPU = Debug|Any CPU
		Release|Any CPU = Release|Any CPU
	EndGlobalSection
	GlobalSection(ProjectConfigurationPlatforms) = postSolution
		{AF8F7363-CDEF-45AB-8E7D-F041AC872751}.Debug|Any CPU.ActiveCfg = Debug|Any CPU
		{AF8F7363-CDEF-45AB-8E7D-F041AC872751}.Debug|Any CPU.Build.0 = Debug|Any CPU
		{AF8F7363-CDEF-45AB-8E7D-F041AC872751}.Release|Any CPU.ActiveCfg = Release|Any CPU
		{AF8F7363-CDEF-45AB-8E7D-F041AC872751}.Release|Any CPU.Build.0 = Release|Any CPU
	EndGlobalSection
	GlobalSection(SolutionProperties) = preSolution
		HideSolutionNode = FALSE
	EndGlobalSection
	GlobalSection(ExtensibilityGlobals) = postSolution
		SolutionGuid = {8EC18478-071C-4869-BFC4-4C85DD47F4FC}
	EndGlobalSection
EndGlobal
