
Microsoft Visual Studio Solution File, Format Version 12.00
# Visual Studio Version 17
VisualStudioVersion = 17.8.34330.188
MinimumVisualStudioVersion = 10.0.40219.1
Project("{FAE04EC0-301F-11D3-BF4B-00C04F79EFBC}") = "01_GenericEs2", "01_GenericEs2\01_GenericEs2.csproj", "{9EE522B3-1FE4-4A43-BFC3-D5703C8793EA}"
EndProject
Global
	GlobalSection(SolutionConfigurationPlatforms) = preSolution
		Debug|Any CPU = Debug|Any CPU
		Release|Any CPU = Release|Any CPU
	EndGlobalSection
	GlobalSection(ProjectConfigurationPlatforms) = postSolution
		{9EE522B3-1FE4-4A43-BFC3-D5703C8793EA}.Debug|Any CPU.ActiveCfg = Debug|Any CPU
		{9EE522B3-1FE4-4A43-BFC3-D5703C8793EA}.Debug|Any CPU.Build.0 = Debug|Any CPU
		{9EE522B3-1FE4-4A43-BFC3-D5703C8793EA}.Release|Any CPU.ActiveCfg = Release|Any CPU
		{9EE522B3-1FE4-4A43-BFC3-D5703C8793EA}.Release|Any CPU.Build.0 = Release|Any CPU
	EndGlobalSection
	GlobalSection(SolutionProperties) = preSolution
		HideSolutionNode = FALSE
	EndGlobalSection
	GlobalSection(ExtensibilityGlobals) = postSolution
		SolutionGuid = {60A4807C-84E1-402F-9CFC-551D9791583A}
	EndGlobalSection
EndGlobal
