
Microsoft Visual Studio Solution File, Format Version 12.00
# Visual Studio Version 17
VisualStudioVersion = 17.8.34330.188
MinimumVisualStudioVersion = 10.0.40219.1
Project("{FAE04EC0-301F-11D3-BF4B-00C04F79EFBC}") = "01_InheritanceBasi", "01_InheritanceBasi\01_InheritanceBasi.csproj", "{58F3624D-B423-4216-BA98-4875DB2CFFD8}"
EndProject
Global
	GlobalSection(SolutionConfigurationPlatforms) = preSolution
		Debug|Any CPU = Debug|Any CPU
		Release|Any CPU = Release|Any CPU
	EndGlobalSection
	GlobalSection(ProjectConfigurationPlatforms) = postSolution
		{58F3624D-B423-4216-BA98-4875DB2CFFD8}.Debug|Any CPU.ActiveCfg = Debug|Any CPU
		{58F3624D-B423-4216-BA98-4875DB2CFFD8}.Debug|Any CPU.Build.0 = Debug|Any CPU
		{58F3624D-B423-4216-BA98-4875DB2CFFD8}.Release|Any CPU.ActiveCfg = Release|Any CPU
		{58F3624D-B423-4216-BA98-4875DB2CFFD8}.Release|Any CPU.Build.0 = Release|Any CPU
	EndGlobalSection
	GlobalSection(SolutionProperties) = preSolution
		HideSolutionNode = FALSE
	EndGlobalSection
	GlobalSection(ExtensibilityGlobals) = postSolution
		SolutionGuid = {EE34FEE3-89CB-47A9-AE28-E28EE456D8D8}
	EndGlobalSection
EndGlobal
