
Microsoft Visual Studio Solution File, Format Version 12.00
# Visual Studio Version 17
VisualStudioVersion = 17.8.34330.188
MinimumVisualStudioVersion = 10.0.40219.1
Project("{FAE04EC0-301F-11D3-BF4B-00C04F79EFBC}") = "04_OverrideInterfaceImplementation", "04_OverrideInterfaceImplementation\04_OverrideInterfaceImplementation.csproj", "{CCC407DB-815F-4EDC-A5FB-94B3A01422DE}"
EndProject
Global
	GlobalSection(SolutionConfigurationPlatforms) = preSolution
		Debug|Any CPU = Debug|Any CPU
		Release|Any CPU = Release|Any CPU
	EndGlobalSection
	GlobalSection(ProjectConfigurationPlatforms) = postSolution
		{CCC407DB-815F-4EDC-A5FB-94B3A01422DE}.Debug|Any CPU.ActiveCfg = Debug|Any CPU
		{CCC407DB-815F-4EDC-A5FB-94B3A01422DE}.Debug|Any CPU.Build.0 = Debug|Any CPU
		{CCC407DB-815F-4EDC-A5FB-94B3A01422DE}.Release|Any CPU.ActiveCfg = Release|Any CPU
		{CCC407DB-815F-4EDC-A5FB-94B3A01422DE}.Release|Any CPU.Build.0 = Release|Any CPU
	EndGlobalSection
	GlobalSection(SolutionProperties) = preSolution
		HideSolutionNode = FALSE
	EndGlobalSection
	GlobalSection(ExtensibilityGlobals) = postSolution
		SolutionGuid = {F8FA102F-1E64-429E-B770-CCD7C0E7E067}
	EndGlobalSection
EndGlobal
