
Microsoft Visual Studio Solution File, Format Version 12.00
# Visual Studio Version 17
VisualStudioVersion = 17.8.34330.188
MinimumVisualStudioVersion = 10.0.40219.1
Project("{FAE04EC0-301F-11D3-BF4B-00C04F79EFBC}") = "01_PassingByReference", "01_PassingByReference\01_PassingByReference.csproj", "{2B5BC538-A193-456A-8ECF-6F1D413C0060}"
EndProject
Global
	GlobalSection(SolutionConfigurationPlatforms) = preSolution
		Debug|Any CPU = Debug|Any CPU
		Release|Any CPU = Release|Any CPU
	EndGlobalSection
	GlobalSection(ProjectConfigurationPlatforms) = postSolution
		{2B5BC538-A193-456A-8ECF-6F1D413C0060}.Debug|Any CPU.ActiveCfg = Debug|Any CPU
		{2B5BC538-A193-456A-8ECF-6F1D413C0060}.Debug|Any CPU.Build.0 = Debug|Any CPU
		{2B5BC538-A193-456A-8ECF-6F1D413C0060}.Release|Any CPU.ActiveCfg = Release|Any CPU
		{2B5BC538-A193-456A-8ECF-6F1D413C0060}.Release|Any CPU.Build.0 = Release|Any CPU
	EndGlobalSection
	GlobalSection(SolutionProperties) = preSolution
		HideSolutionNode = FALSE
	EndGlobalSection
	GlobalSection(ExtensibilityGlobals) = postSolution
		SolutionGuid = {75359BA2-7861-4BFB-B523-C3810744CFCC}
	EndGlobalSection
EndGlobal
