
Microsoft Visual Studio Solution File, Format Version 12.00
# Visual Studio Version 17
VisualStudioVersion = 17.8.34330.188
MinimumVisualStudioVersion = 10.0.40219.1
Project("{FAE04EC0-301F-11D3-BF4B-00C04F79EFBC}") = "01_Array", "01_Array\01_Array.csproj", "{A6115B07-32C2-4FC5-85FF-FA1527138382}"
EndProject
Global
	GlobalSection(SolutionConfigurationPlatforms) = preSolution
		Debug|Any CPU = Debug|Any CPU
		Release|Any CPU = Release|Any CPU
	EndGlobalSection
	GlobalSection(ProjectConfigurationPlatforms) = postSolution
		{A6115B07-32C2-4FC5-85FF-FA1527138382}.Debug|Any CPU.ActiveCfg = Debug|Any CPU
		{A6115B07-32C2-4FC5-85FF-FA1527138382}.Debug|Any CPU.Build.0 = Debug|Any CPU
		{A6115B07-32C2-4FC5-85FF-FA1527138382}.Release|Any CPU.ActiveCfg = Release|Any CPU
		{A6115B07-32C2-4FC5-85FF-FA1527138382}.Release|Any CPU.Build.0 = Release|Any CPU
	EndGlobalSection
	GlobalSection(SolutionProperties) = preSolution
		HideSolutionNode = FALSE
	EndGlobalSection
	GlobalSection(ExtensibilityGlobals) = postSolution
		SolutionGuid = {9B3F5245-A6A6-42B5-B00B-A523EE88B8B5}
	EndGlobalSection
EndGlobal
