
Microsoft Visual Studio Solution File, Format Version 12.00
# Visual Studio Version 17
VisualStudioVersion = 17.13.35806.99 d17.13
MinimumVisualStudioVersion = 10.0.40219.1
Project("{FAE04EC0-301F-11D3-BF4B-00C04F79EFBC}") = "WpfApp", "WpfApp\WpfApp.csproj", "{DA4CC246-AB9B-49A5-AC89-77E9893B2DE2}"
EndProject
Global
	GlobalSection(SolutionConfigurationPlatforms) = preSolution
		Debug|Any CPU = Debug|Any CPU
		Release|Any CPU = Release|Any CPU
	EndGlobalSection
	GlobalSection(ProjectConfigurationPlatforms) = postSolution
		{DA4CC246-AB9B-49A5-AC89-77E9893B2DE2}.Debug|Any CPU.ActiveCfg = Debug|Any CPU
		{DA4CC246-AB9B-49A5-AC89-77E9893B2DE2}.Debug|Any CPU.Build.0 = Debug|Any CPU
		{DA4CC246-AB9B-49A5-AC89-77E9893B2DE2}.Release|Any CPU.ActiveCfg = Release|Any CPU
		{DA4CC246-AB9B-49A5-AC89-77E9893B2DE2}.Release|Any CPU.Build.0 = Release|Any CPU
	EndGlobalSection
	GlobalSection(SolutionProperties) = preSolution
		HideSolutionNode = FALSE
	EndGlobalSection
	GlobalSection(ExtensibilityGlobals) = postSolution
		SolutionGuid = {893C6065-AFCF-40A2-9675-7F02E7D219E8}
	EndGlobalSection
EndGlobal
