
Microsoft Visual Studio Solution File, Format Version 12.00
# Visual Studio Version 17
VisualStudioVersion = 17.13.35806.99 d17.13
MinimumVisualStudioVersion = 10.0.40219.1
Project("{FAE04EC0-301F-11D3-BF4B-00C04F79EFBC}") = "GridsPart1", "GridsPart1\GridsPart1.csproj", "{515D9AAB-E6AB-45FB-B75D-E47ADD8CF59A}"
EndProject
Global
	GlobalSection(SolutionConfigurationPlatforms) = preSolution
		Debug|Any CPU = Debug|Any CPU
		Release|Any CPU = Release|Any CPU
	EndGlobalSection
	GlobalSection(ProjectConfigurationPlatforms) = postSolution
		{515D9AAB-E6AB-45FB-B75D-E47ADD8CF59A}.Debug|Any CPU.ActiveCfg = Debug|Any CPU
		{515D9AAB-E6AB-45FB-B75D-E47ADD8CF59A}.Debug|Any CPU.Build.0 = Debug|Any CPU
		{515D9AAB-E6AB-45FB-B75D-E47ADD8CF59A}.Release|Any CPU.ActiveCfg = Release|Any CPU
		{515D9AAB-E6AB-45FB-B75D-E47ADD8CF59A}.Release|Any CPU.Build.0 = Release|Any CPU
	EndGlobalSection
	GlobalSection(SolutionProperties) = preSolution
		HideSolutionNode = FALSE
	EndGlobalSection
	GlobalSection(ExtensibilityGlobals) = postSolution
		SolutionGuid = {8E67DC59-D8ED-4E41-A044-9B2F65C750D7}
	EndGlobalSection
EndGlobal
